{
  "name": "foosapp",
  "lockfileVersion": 2,
  "requires": true,
  "packages": {
    "": {
      "dependencies": {
        "@alicloud/mpserverless-sdk": "^3.1.3"
      }
    },
    "node_modules/@alicloud/mpserverless-sdk": {
      "version": "3.1.3",
      "resolved": "https://registry.npmjs.org/@alicloud/mpserverless-sdk/-/mpserverless-sdk-3.1.3.tgz",
      "integrity": "sha512-69QjM6G5JcPduZL7QdB/5XcZd9jKGWhV1ipzVOXED6aXAWozmBrNPavGqIwyE2mszzeB0qUpriliuZWgfrML9w==",
      "engines": {
        "node": ">=8.0.0"
      }
    }
  },
  "dependencies": {
    "@alicloud/mpserverless-sdk": {
      "version": "3.1.3",
      "resolved": "https://registry.npmjs.org/@alicloud/mpserverless-sdk/-/mpserverless-sdk-3.1.3.tgz",
      "integrity": "sha512-69QjM6G5JcPduZL7QdB/5XcZd9jKGWhV1ipzVOXED6aXAWozmBrNPavGqIwyE2mszzeB0qUpriliuZWgfrML9w=="
    }
  }
}
